
Microsoft Visual Studio Solution File, Format Version 12.00
# Visual Studio Version 16
VisualStudioVersion = 25.0.1705.0
MinimumVisualStudioVersion = 10.0.40219.1
Project("{FAE04EC0-301F-11D3-BF4B-00C04F79EFBC}") = "TestRingLing", "TestRingLing\TestRingLing.csproj", "{814287FC-86D5-4E04-8985-F56EA24F5F28}"
EndProject
Project("{FAE04EC0-301F-11D3-BF4B-00C04F79EFBC}") = "TestRingLing.Data", "TestRingLing.Data\TestRingLing.Data.csproj", "{A7A78F96-A7D8-4B1B-8A82-44E0A48DA322}"
EndProject
Project("{FAE04EC0-301F-11D3-BF4B-00C04F79EFBC}") = "TestRingLing.Cross", "TestRingLing.Cross\TestRingLing.Cross.csproj", "{DA437400-C5E5-491C-97DA-8B026099ED64}"
EndProject
Project("{FAE04EC0-301F-11D3-BF4B-00C04F79EFBC}") = "TestRingLing.Services", "TestRingLing.Services\TestRingLing.Services.csproj", "{45B10238-50E0-47B9-A79E-33553F24A056}"
EndProject
Global
	GlobalSection(SolutionConfigurationPlatforms) = preSolution
		Debug|Any CPU = Debug|Any CPU
		Release|Any CPU = Release|Any CPU
	EndGlobalSection
	GlobalSection(ProjectConfigurationPlatforms) = postSolution
		{814287FC-86D5-4E04-8985-F56EA24F5F28}.Debug|Any CPU.ActiveCfg = Debug|Any CPU
		{814287FC-86D5-4E04-8985-F56EA24F5F28}.Debug|Any CPU.Build.0 = Debug|Any CPU
		{814287FC-86D5-4E04-8985-F56EA24F5F28}.Release|Any CPU.ActiveCfg = Release|Any CPU
		{814287FC-86D5-4E04-8985-F56EA24F5F28}.Release|Any CPU.Build.0 = Release|Any CPU
		{A7A78F96-A7D8-4B1B-8A82-44E0A48DA322}.Debug|Any CPU.ActiveCfg = Debug|Any CPU
		{A7A78F96-A7D8-4B1B-8A82-44E0A48DA322}.Debug|Any CPU.Build.0 = Debug|Any CPU
		{A7A78F96-A7D8-4B1B-8A82-44E0A48DA322}.Release|Any CPU.ActiveCfg = Release|Any CPU
		{A7A78F96-A7D8-4B1B-8A82-44E0A48DA322}.Release|Any CPU.Build.0 = Release|Any CPU
		{DA437400-C5E5-491C-97DA-8B026099ED64}.Debug|Any CPU.ActiveCfg = Debug|Any CPU
		{DA437400-C5E5-491C-97DA-8B026099ED64}.Debug|Any CPU.Build.0 = Debug|Any CPU
		{DA437400-C5E5-491C-97DA-8B026099ED64}.Release|Any CPU.ActiveCfg = Release|Any CPU
		{DA437400-C5E5-491C-97DA-8B026099ED64}.Release|Any CPU.Build.0 = Release|Any CPU
		{45B10238-50E0-47B9-A79E-33553F24A056}.Debug|Any CPU.ActiveCfg = Debug|Any CPU
		{45B10238-50E0-47B9-A79E-33553F24A056}.Debug|Any CPU.Build.0 = Debug|Any CPU
		{45B10238-50E0-47B9-A79E-33553F24A056}.Release|Any CPU.ActiveCfg = Release|Any CPU
		{45B10238-50E0-47B9-A79E-33553F24A056}.Release|Any CPU.Build.0 = Release|Any CPU
	EndGlobalSection
	GlobalSection(SolutionProperties) = preSolution
		HideSolutionNode = FALSE
	EndGlobalSection
	GlobalSection(ExtensibilityGlobals) = postSolution
		SolutionGuid = {67F1595D-D59C-41B5-A50F-D3464EAD2023}
	EndGlobalSection
EndGlobal
